Microsoft Visual Studio Solution File, Format Version 12.00
# Visual Studio Version 17
VisualStudioVersion = 17.5.2.0
MinimumVisualStudioVersion = 10.0.40219.1
Project("{FAE04EC0-301F-11D3-BF4B-00C04F79EFBC}") = "Frontend", "Frontend\Frontend\Frontend.csproj", "{D897CA9A-1D31-CEDD-21E9-D96803509045}"
EndProject
Project("{FAE04EC0-301F-11D3-BF4B-00C04F79EFBC}") = "Backend", "Backend\Backend\Backend.csproj", "{5ABDAE0F-D3F1-8B4C-5AD0-72475C737F77}"
EndProject
Global
	GlobalSection(SolutionConfigurationPlatforms) = preSolution
		Debug|Any CPU = Debug|Any CPU
		Release|Any CPU = Release|Any CPU
	EndGlobalSection
	GlobalSection(ProjectConfigurationPlatforms) = postSolution
		{D897CA9A-1D31-CEDD-21E9-D96803509045}.Debug|Any CPU.ActiveCfg = Debug|Any CPU
		{D897CA9A-1D31-CEDD-21E9-D96803509045}.Debug|Any CPU.Build.0 = Debug|Any CPU
		{D897CA9A-1D31-CEDD-21E9-D96803509045}.Release|Any CPU.ActiveCfg = Release|Any CPU
		{D897CA9A-1D31-CEDD-21E9-D96803509045}.Release|Any CPU.Build.0 = Release|Any CPU
		{5ABDAE0F-D3F1-8B4C-5AD0-72475C737F77}.Debug|Any CPU.ActiveCfg = Debug|Any CPU
		{5ABDAE0F-D3F1-8B4C-5AD0-72475C737F77}.Debug|Any CPU.Build.0 = Debug|Any CPU
		{5ABDAE0F-D3F1-8B4C-5AD0-72475C737F77}.Release|Any CPU.ActiveCfg = Release|Any CPU
		{5ABDAE0F-D3F1-8B4C-5AD0-72475C737F77}.Release|Any CPU.Build.0 = Release|Any CPU
	EndGlobalSection
	GlobalSection(SolutionProperties) = preSolution
		HideSolutionNode = FALSE
	EndGlobalSection
	GlobalSection(ExtensibilityGlobals) = postSolution
		SolutionGuid = {EB470E2F-566D-48F6-8532-E0BD0CDA616B}
	EndGlobalSection
EndGlobal
